# This file is automatically @generated by Cargo.
# It is not intended for manual editing.
version = 4

[[package]]
name = "gameboy-emulator"
version = "0.1.0"
dependencies = [
 "lazy-init",
]

[[package]]
name = "lazy-init"
version = "0.5.1"
source = "registry+https://github.com/rust-lang/crates.io-index"
checksum = "9f40963626ac12dcaf92afc15e4c3db624858c92fd9f8ba2125eaada3ac2706f"
